
Microsoft Visual Studio Solution File, Format Version 12.00
# Visual Studio Version 17
VisualStudioVersion = 17.4.33103.184
MinimumVisualStudioVersion = 10.0.40219.1
Project("{FAE04EC0-301F-11D3-BF4B-00C04F79EFBC}") = "Blazor.Web", "Blazor.Web\Blazor.Web.csproj", "{64DD1998-39E5-41AC-8136-3977C6D8DC83}"
EndProject
Project("{FAE04EC0-301F-11D3-BF4B-00C04F79EFBC}") = "Blazor.Server", "Blazor.Server\Blazor.Server.csproj", "{74091CE8-BDA9-4A93-981E-71983FEC8EBB}"
EndProject
Project("{FAE04EC0-301F-11D3-BF4B-00C04F79EFBC}") = "Blazor.Shared", "Blazor.Shared\Blazor.Shared.csproj", "{AC7920EB-382C-40A2-8193-B3F603759C89}"
EndProject
Global
	GlobalSection(SolutionConfigurationPlatforms) = preSolution
		Debug|Any CPU = Debug|Any CPU
		Release|Any CPU = Release|Any CPU
	EndGlobalSection
	GlobalSection(ProjectConfigurationPlatforms) = postSolution
		{64DD1998-39E5-41AC-8136-3977C6D8DC83}.Debug|Any CPU.ActiveCfg = Debug|Any CPU
		{64DD1998-39E5-41AC-8136-3977C6D8DC83}.Debug|Any CPU.Build.0 = Debug|Any CPU
		{64DD1998-39E5-41AC-8136-3977C6D8DC83}.Release|Any CPU.ActiveCfg = Release|Any CPU
		{64DD1998-39E5-41AC-8136-3977C6D8DC83}.Release|Any CPU.Build.0 = Release|Any CPU
		{74091CE8-BDA9-4A93-981E-71983FEC8EBB}.Debug|Any CPU.ActiveCfg = Debug|Any CPU
		{74091CE8-BDA9-4A93-981E-71983FEC8EBB}.Debug|Any CPU.Build.0 = Debug|Any CPU
		{74091CE8-BDA9-4A93-981E-71983FEC8EBB}.Release|Any CPU.ActiveCfg = Release|Any CPU
		{74091CE8-BDA9-4A93-981E-71983FEC8EBB}.Release|Any CPU.Build.0 = Release|Any CPU
		{AC7920EB-382C-40A2-8193-B3F603759C89}.Debug|Any CPU.ActiveCfg = Debug|Any CPU
		{AC7920EB-382C-40A2-8193-B3F603759C89}.Debug|Any CPU.Build.0 = Debug|Any CPU
		{AC7920EB-382C-40A2-8193-B3F603759C89}.Release|Any CPU.ActiveCfg = Release|Any CPU
		{AC7920EB-382C-40A2-8193-B3F603759C89}.Release|Any CPU.Build.0 = Release|Any CPU
	EndGlobalSection
	GlobalSection(SolutionProperties) = preSolution
		HideSolutionNode = FALSE
	EndGlobalSection
	GlobalSection(ExtensibilityGlobals) = postSolution
		SolutionGuid = {FA46F128-5DAA-4719-8E81-94F6B23AADCF}
	EndGlobalSection
EndGlobal
